
Microsoft Visual Studio Solution File, Format Version 12.00
Project("{FAE04EC0-301F-11D3-BF4B-00C04F79EFBC}") = "PasswordCracker", "PasswordCracker.csproj", "{CFD39579-1625-4E3D-BA0F-C490EC97F346}"
EndProject
Global
	GlobalSection(SolutionConfigurationPlatforms) = preSolution
		Debug|Any CPU = Debug|Any CPU
		Release|Any CPU = Release|Any CPU
	EndGlobalSection
	GlobalSection(ProjectConfigurationPlatforms) = postSolution
		{CFD39579-1625-4E3D-BA0F-C490EC97F346}.Debug|Any CPU.ActiveCfg = Debug|Any CPU
		{CFD39579-1625-4E3D-BA0F-C490EC97F346}.Debug|Any CPU.Build.0 = Debug|Any CPU
		{CFD39579-1625-4E3D-BA0F-C490EC97F346}.Release|Any CPU.ActiveCfg = Release|Any CPU
		{CFD39579-1625-4E3D-BA0F-C490EC97F346}.Release|Any CPU.Build.0 = Release|Any CPU
	EndGlobalSection
EndGlobal
